{
  "version": 4,
  "terraform_version": "1.1.5",
  "serial": 3,
  "lineage": "05140d98-b1a2-d956-25ad-70376809676c",
  "outputs": {},
  "resources": [
    {
      "mode": "data",
      "type": "template_file",
      "name": "greeting_one",
      "provider": "provider[\"registry.terraform.io/hashicorp/template\"]",
      "instances": [
        {
          "schema_version": 0,
          "attributes": {
            "filename": null,
            "id": "cac6916c74fa8d3b21679155a1a680dddddcdae0ac5c1ee6ad26b9d648897b20",
            "rendered": "#/bin/bash\necho \"hello\"\n",
            "template": "#/bin/bash\necho \"hello\"\n",
            "vars": null
          },
          "sensitive_attributes": []
        }
      ]
    },
    {
      "mode": "data",
      "type": "template_file",
      "name": "greeting_three",
      "provider": "provider[\"registry.terraform.io/hashicorp/template\"]",
      "instances": [
        {
          "schema_version": 0,
          "attributes": {
            "filename": null,
            "id": "ae20f3f58abf91f096ec9c1420e50ffc6a4bf8c33c82ee32e258dfd34785a9d6",
            "rendered": "#/bin/bash\necho \"hi\"\n",
            "template": "#/bin/bash\necho \"hi\"\n",
            "vars": null
          },
          "sensitive_attributes": []
        }
      ]
    },
    {
      "mode": "data",
      "type": "template_file",
      "name": "greeting_two",
      "provider": "provider[\"registry.terraform.io/hashicorp/template\"]",
      "instances": [
        {
          "schema_version": 0,
          "attributes": {
            "filename": null,
            "id": "ae20f3f58abf91f096ec9c1420e50ffc6a4bf8c33c82ee32e258dfd34785a9d6",
            "rendered": "#/bin/bash\necho \"hi\"\n",
            "template": "#/bin/bash\necho \"hi\"\n",
            "vars": null
          },
          "sensitive_attributes": []
        }
      ]
    },
    {
      "mode": "managed",
      "type": "local_file",
      "name": "greeting_one",
      "provider": "provider[\"registry.terraform.io/hashicorp/local\"]",
      "instances": [
        {
          "schema_version": 0,
          "attributes": {
            "content": "#/bin/bash\necho \"hello\"\n",
            "content_base64": null,
            "directory_permission": "0777",
            "file_permission": "0777",
            "filename": "./greeting_one.sh",
            "id": "8905e967e67db9edede5b50cbfb44f438e8f96df",
            "sensitive_content": null,
            "source": null
          },
          "sensitive_attributes": [],
          "private": "bnVsbA==",
          "dependencies": [
            "data.template_file.greeting_one"
          ]
        }
      ]
    },
    {
      "mode": "managed",
      "type": "local_file",
      "name": "greeting_three",
      "provider": "provider[\"registry.terraform.io/hashicorp/local\"]",
      "instances": [
        {
          "schema_version": 0,
          "attributes": {
            "content": "#/bin/bash\necho \"hi\"\n",
            "content_base64": null,
            "directory_permission": "0777",
            "file_permission": "0777",
            "filename": "./greeting_three.sh",
            "id": "108db9a56d52413ad1639fea121e71947bcf0a1f",
            "sensitive_content": null,
            "source": null
          },
          "sensitive_attributes": [],
          "private": "bnVsbA==",
          "dependencies": [
            "data.template_file.greeting_three"
          ]
        }
      ]
    },
    {
      "mode": "managed",
      "type": "local_file",
      "name": "greeting_two",
      "provider": "provider[\"registry.terraform.io/hashicorp/local\"]",
      "instances": [
        {
          "schema_version": 0,
          "attributes": {
            "content": "#/bin/bash\necho \"hi\"\n",
            "content_base64": null,
            "directory_permission": "0777",
            "file_permission": "0777",
            "filename": "./greeting_two.sh",
            "id": "108db9a56d52413ad1639fea121e71947bcf0a1f",
            "sensitive_content": null,
            "source": null
          },
          "sensitive_attributes": [],
          "private": "bnVsbA==",
          "dependencies": [
            "data.template_file.greeting_two"
          ]
        }
      ]
    }
  ]
}
