{
  "version": 4,
  "terraform_version": "1.1.5",
  "serial": 11,
  "lineage": "05140d98-b1a2-d956-25ad-70376809676c",
  "outputs": {},
  "resources": [
    {
      "mode": "data",
      "type": "template_file",
      "name": "greeting",
      "provider": "provider[\"registry.terraform.io/hashicorp/template\"]",
      "instances": [
        {
          "schema_version": 0,
          "attributes": {
            "filename": null,
            "id": "cac6916c74fa8d3b21679155a1a680dddddcdae0ac5c1ee6ad26b9d648897b20",
            "rendered": "#/bin/bash\necho \"hello\"\n",
            "template": "#/bin/bash\necho \"hello\"\n",
            "vars": null
          },
          "sensitive_attributes": []
        }
      ]
    },
    {
      "mode": "data",
      "type": "template_file",
      "name": "greeting_no_changes",
      "provider": "provider[\"registry.terraform.io/hashicorp/template\"]",
      "instances": [
        {
          "schema_version": 0,
          "attributes": {
            "filename": null,
            "id": "140f450ef9b3b4b5089e34b4f7db59581c2c0cdbc279efb7cb59c48cf2d03d18",
            "rendered": "#/bin/bash\necho \"no_changes\"\n",
            "template": "#/bin/bash\necho \"no_changes\"\n",
            "vars": null
          },
          "sensitive_attributes": []
        }
      ]
    },
    {
      "mode": "managed",
      "type": "local_file",
      "name": "greeting_no_changes",
      "provider": "provider[\"registry.terraform.io/hashicorp/local\"]",
      "instances": [
        {
          "schema_version": 0,
          "attributes": {
            "content": "#/bin/bash\necho \"no_changes\"\n",
            "content_base64": null,
            "directory_permission": "0777",
            "file_permission": "0777",
            "filename": "./greeting_no_changes.sh",
            "id": "168c4442c6043f897b64933dd6739f663096d34a",
            "sensitive_content": null,
            "source": null
          },
          "sensitive_attributes": [],
          "private": "bnVsbA==",
          "dependencies": [
            "data.template_file.greeting_no_changes"
          ]
        }
      ]
    },
    {
      "mode": "managed",
      "type": "local_file",
      "name": "greeting_one",
      "provider": "provider[\"registry.terraform.io/hashicorp/local\"]",
      "instances": [
        {
          "schema_version": 0,
          "attributes": {
            "content": "#/bin/bash\necho \"hello\"\n",
            "content_base64": null,
            "directory_permission": "0777",
            "file_permission": "0777",
            "filename": "./greeting_one.sh",
            "id": "8905e967e67db9edede5b50cbfb44f438e8f96df",
            "sensitive_content": null,
            "source": null
          },
          "sensitive_attributes": [],
          "private": "bnVsbA==",
          "dependencies": [
            "data.template_file.greeting"
          ]
        }
      ]
    },
    {
      "mode": "managed",
      "type": "local_file",
      "name": "greeting_two",
      "provider": "provider[\"registry.terraform.io/hashicorp/local\"]",
      "instances": [
        {
          "schema_version": 0,
          "attributes": {
            "content": "#/bin/bash\necho \"hello\"\n",
            "content_base64": null,
            "directory_permission": "0777",
            "file_permission": "0777",
            "filename": "./greeting_two.sh",
            "id": "8905e967e67db9edede5b50cbfb44f438e8f96df",
            "sensitive_content": null,
            "source": null
          },
          "sensitive_attributes": [],
          "private": "bnVsbA==",
          "dependencies": [
            "data.template_file.greeting"
          ]
        }
      ]
    }
  ]
}
